
Microsoft Visual Studio Solution File, Format Version 12.00
# Visual Studio 2013
VisualStudioVersion = 12.0.31101.0
MinimumVisualStudioVersion = 10.0.40219.1
Project("{FAE04EC0-301F-11D3-BF4B-00C04F79EFBC}") = "Gass-E", "Gass-E\Gass-E.csproj", "{DE7CB377-BFF5-4CA2-A681-BD64589471BA}"
EndProject
Project("{FAE04EC0-301F-11D3-BF4B-00C04F79EFBC}") = "UnitTestGassE", "UnitTestGassE\UnitTestGassE.csproj", "{1EEDAD93-2550-4921-9197-171A771C7CBC}"
EndProject
Project("{FAE04EC0-301F-11D3-BF4B-00C04F79EFBC}") = "StoryTests", "StoryTests\StoryTests.csproj", "{7B345DDB-71CC-4F53-B076-33967652ECC6}"
EndProject
Global
	GlobalSection(SolutionConfigurationPlatforms) = preSolution
		Debug|Any CPU = Debug|Any CPU
		Release|Any CPU = Release|Any CPU
	EndGlobalSection
	GlobalSection(ProjectConfigurationPlatforms) = postSolution
		{DE7CB377-BFF5-4CA2-A681-BD64589471BA}.Debug|Any CPU.ActiveCfg = Debug|Any CPU
		{DE7CB377-BFF5-4CA2-A681-BD64589471BA}.Debug|Any CPU.Build.0 = Debug|Any CPU
		{DE7CB377-BFF5-4CA2-A681-BD64589471BA}.Release|Any CPU.ActiveCfg = Release|Any CPU
		{DE7CB377-BFF5-4CA2-A681-BD64589471BA}.Release|Any CPU.Build.0 = Release|Any CPU
		{1EEDAD93-2550-4921-9197-171A771C7CBC}.Debug|Any CPU.ActiveCfg = Debug|Any CPU
		{1EEDAD93-2550-4921-9197-171A771C7CBC}.Debug|Any CPU.Build.0 = Debug|Any CPU
		{1EEDAD93-2550-4921-9197-171A771C7CBC}.Release|Any CPU.ActiveCfg = Release|Any CPU
		{1EEDAD93-2550-4921-9197-171A771C7CBC}.Release|Any CPU.Build.0 = Release|Any CPU
		{7B345DDB-71CC-4F53-B076-33967652ECC6}.Debug|Any CPU.ActiveCfg = Debug|Any CPU
		{7B345DDB-71CC-4F53-B076-33967652ECC6}.Debug|Any CPU.Build.0 = Debug|Any CPU
		{7B345DDB-71CC-4F53-B076-33967652ECC6}.Release|Any CPU.ActiveCfg = Release|Any CPU
		{7B345DDB-71CC-4F53-B076-33967652ECC6}.Release|Any CPU.Build.0 = Release|Any CPU
	EndGlobalSection
	GlobalSection(SolutionProperties) = preSolution
		HideSolutionNode = FALSE
	EndGlobalSection
EndGlobal
